
Microsoft Visual Studio Solution File, Format Version 12.00
Project("{FAE04EC0-301F-11D3-BF4B-00C04F79EFBC}") = "Kolowkwium", "Kolowkwium\Kolowkwium.csproj", "{13BB4FF4-BB1E-4BEA-9F72-A77CC76EDF44}"
EndProject
Global
	GlobalSection(SolutionConfigurationPlatforms) = preSolution
		Debug|Any CPU = Debug|Any CPU
		Release|Any CPU = Release|Any CPU
	EndGlobalSection
	GlobalSection(ProjectConfigurationPlatforms) = postSolution
		{13BB4FF4-BB1E-4BEA-9F72-A77CC76EDF44}.Debug|Any CPU.ActiveCfg = Debug|Any CPU
		{13BB4FF4-BB1E-4BEA-9F72-A77CC76EDF44}.Debug|Any CPU.Build.0 = Debug|Any CPU
		{13BB4FF4-BB1E-4BEA-9F72-A77CC76EDF44}.Release|Any CPU.ActiveCfg = Release|Any CPU
		{13BB4FF4-BB1E-4BEA-9F72-A77CC76EDF44}.Release|Any CPU.Build.0 = Release|Any CPU
	EndGlobalSection
EndGlobal
